
Microsoft Visual Studio Solution File, Format Version 11.00
# Visual Studio 2010
Project("{E24C65DC-7377-472B-9ABA-BC803B73C61A}") = "Node.Client", "Node.Client", "{58405FEB-FFFE-4D42-82BD-793CD034C529}"
	ProjectSection(WebsiteProperties) = preProject
		SccProjectName = "SAK"
		SccAuxPath = "SAK"
		SccLocalPath = "SAK"
		SccProvider = "SAK"
		TargetFrameworkMoniker = ".NETFramework,Version%3Dv3.5"
		ProjectReferences = "{AFE312DE-93E0-4840-8EC0-6CEB9F4A5C0C}|Node.Core.dll;{82322ECB-7DDB-4945-A5C9-26A27568D05C}|Node.Lib.dll;{584CEE9A-1A67-40A6-B1D3-719D4BECE891}|Node.Core2.dll;"
		Debug.AspNetCompiler.VirtualPath = "/Node.Client"
		Debug.AspNetCompiler.PhysicalPath = "Node.Client\"
		Debug.AspNetCompiler.TargetPath = "PrecompiledWeb\Node.Client\"
		Debug.AspNetCompiler.Updateable = "true"
		Debug.AspNetCompiler.ForceOverwrite = "true"
		Debug.AspNetCompiler.FixedNames = "true"
		Debug.AspNetCompiler.Debug = "True"
		Release.AspNetCompiler.VirtualPath = "/Node.Client"
		Release.AspNetCompiler.PhysicalPath = "Node.Client\"
		Release.AspNetCompiler.TargetPath = "PrecompiledWeb\Node.Client\"
		Release.AspNetCompiler.Updateable = "true"
		Release.AspNetCompiler.ForceOverwrite = "true"
		Release.AspNetCompiler.FixedNames = "true"
		Release.AspNetCompiler.Debug = "False"
		VWDPort = "3931"
		VWDDynamicPort = "false"
	EndProjectSection
EndProject
Project("{FAE04EC0-301F-11D3-BF4B-00C04F79EFBC}") = "Node.TaskHandler", "Node.TaskHandler\Node.TaskHandler.csproj", "{CEA6D51D-B891-4E50-ACB0-D3529F8FF2BD}"
EndProject
Project("{FAE04EC0-301F-11D3-BF4B-00C04F79EFBC}") = "Node.Core", "Node.Core\Node.Core.csproj", "{AFE312DE-93E0-4840-8EC0-6CEB9F4A5C0C}"
EndProject
Project("{E24C65DC-7377-472B-9ABA-BC803B73C61A}") = "Node.WebServices", "Node.WebServices", "{78EA9EA5-4D8B-4D44-84F6-09845157046D}"
	ProjectSection(WebsiteProperties) = preProject
		SccProjectName = "SAK"
		SccAuxPath = "SAK"
		SccLocalPath = "SAK"
		SccProvider = "SAK"
		TargetFrameworkMoniker = ".NETFramework,Version%3Dv3.5"
		ProjectReferences = "{AFE312DE-93E0-4840-8EC0-6CEB9F4A5C0C}|Node.Core.dll;{82322ECB-7DDB-4945-A5C9-26A27568D05C}|Node.Lib.dll;{584CEE9A-1A67-40A6-B1D3-719D4BECE891}|Node.Core2.dll;"
		Debug.AspNetCompiler.VirtualPath = "/Node.WebServices"
		Debug.AspNetCompiler.PhysicalPath = "Node.WebServices\"
		Debug.AspNetCompiler.TargetPath = "PrecompiledWeb\Node.WebServices\"
		Debug.AspNetCompiler.Updateable = "true"
		Debug.AspNetCompiler.ForceOverwrite = "true"
		Debug.AspNetCompiler.FixedNames = "true"
		Debug.AspNetCompiler.Debug = "True"
		Release.AspNetCompiler.VirtualPath = "/Node.WebServices"
		Release.AspNetCompiler.PhysicalPath = "Node.WebServices\"
		Release.AspNetCompiler.TargetPath = "PrecompiledWeb\Node.WebServices\"
		Release.AspNetCompiler.Updateable = "true"
		Release.AspNetCompiler.ForceOverwrite = "true"
		Release.AspNetCompiler.FixedNames = "true"
		Release.AspNetCompiler.Debug = "False"
		VWDPort = "3930"
		VWDDynamicPort = "false"
	EndProjectSection
EndProject
Project("{E24C65DC-7377-472B-9ABA-BC803B73C61A}") = "Node.Administration", "Node.Administration", "{517908F2-BD7E-4DE2-8138-729EB97F55F7}"
	ProjectSection(WebsiteProperties) = preProject
		SccProjectName = "SAK"
		SccAuxPath = "SAK"
		SccLocalPath = "SAK"
		SccProvider = "SAK"
		TargetFrameworkMoniker = ".NETFramework,Version%3Dv3.5"
		ProjectReferences = "{AFE312DE-93E0-4840-8EC0-6CEB9F4A5C0C}|Node.Core.dll;{82322ECB-7DDB-4945-A5C9-26A27568D05C}|Node.Lib.dll;{584CEE9A-1A67-40A6-B1D3-719D4BECE891}|Node.Core2.dll;"
		Debug.AspNetCompiler.VirtualPath = "/Node.Administration"
		Debug.AspNetCompiler.PhysicalPath = "Node.Administration\"
		Debug.AspNetCompiler.TargetPath = "PrecompiledWeb\Node.Administration\"
		Debug.AspNetCompiler.Updateable = "true"
		Debug.AspNetCompiler.ForceOverwrite = "true"
		Debug.AspNetCompiler.FixedNames = "true"
		Debug.AspNetCompiler.Debug = "True"
		Release.AspNetCompiler.VirtualPath = "/Node.Administration"
		Release.AspNetCompiler.PhysicalPath = "Node.Administration\"
		Release.AspNetCompiler.TargetPath = "PrecompiledWeb\Node.Administration\"
		Release.AspNetCompiler.Updateable = "true"
		Release.AspNetCompiler.ForceOverwrite = "true"
		Release.AspNetCompiler.FixedNames = "true"
		Release.AspNetCompiler.Debug = "False"
		VWDPort = "3932"
		VWDDynamicPort = "false"
		DefaultWebSiteLanguage = "Visual C#"
		ProjOutputReferences = ""
	EndProjectSection
EndProject
Project("{FAE04EC0-301F-11D3-BF4B-00C04F79EFBC}") = "Node.Lib", "Node.Lib\Node.Lib.csproj", "{82322ECB-7DDB-4945-A5C9-26A27568D05C}"
EndProject
Project("{FAE04EC0-301F-11D3-BF4B-00C04F79EFBC}") = "Node.Core2", "Node.Core2\Node.Core2.csproj", "{584CEE9A-1A67-40A6-B1D3-719D4BECE891}"
EndProject
Project("{E24C65DC-7377-472B-9ABA-BC803B73C61A}") = "Node.RESTful", "Node.RESTful", "{217B8FF6-B878-4A75-B3A1-315D697026DB}"
	ProjectSection(WebsiteProperties) = preProject
		SccProjectName = "SAK"
		SccAuxPath = "SAK"
		SccLocalPath = "SAK"
		SccProvider = "SAK"
		TargetFrameworkMoniker = ".NETFramework,Version%3Dv4.0"
		ProjectReferences = "{AFE312DE-93E0-4840-8EC0-6CEB9F4A5C0C}|Node.Core.dll;{82322ECB-7DDB-4945-A5C9-26A27568D05C}|Node.Lib.dll;{584CEE9A-1A67-40A6-B1D3-719D4BECE891}|Node.Core2.dll;"
		Debug.AspNetCompiler.VirtualPath = "/Node.RESTful"
		Debug.AspNetCompiler.PhysicalPath = "Node.RESTful\"
		Debug.AspNetCompiler.TargetPath = "PrecompiledWeb\Node.RESTful\"
		Debug.AspNetCompiler.Updateable = "true"
		Debug.AspNetCompiler.ForceOverwrite = "true"
		Debug.AspNetCompiler.FixedNames = "false"
		Debug.AspNetCompiler.Debug = "True"
		Release.AspNetCompiler.VirtualPath = "/Node.RESTful"
		Release.AspNetCompiler.PhysicalPath = "Node.RESTful\"
		Release.AspNetCompiler.TargetPath = "PrecompiledWeb\Node.RESTful\"
		Release.AspNetCompiler.Updateable = "true"
		Release.AspNetCompiler.ForceOverwrite = "true"
		Release.AspNetCompiler.FixedNames = "false"
		Release.AspNetCompiler.Debug = "False"
		VWDPort = "3933"
		VWDDynamicPort = "false"
		VWDVirtualPath = "/RESTServices"
		DefaultWebSiteLanguage = "Visual C#"
	EndProjectSection
EndProject
Global
	GlobalSection(TeamFoundationVersionControl) = preSolution
		SccNumberOfProjects = 9
		SccEnterpriseProvider = {4CA58AB2-18FA-4F8D-95D4-32DDF27D184C}
		SccTeamFoundationServer = https://tfs.codeplex.com/tfs/tfs26
		SccLocalPath0 = .
		SccWebProject1 = true
		SccProjectUniqueName1 = Node.Administration
		SccProjectName1 = Node.Administration
		SccLocalPath1 = Node.Administration
		SccProjectEnlistmentChoice1 = 2
		SccWebProject2 = true
		SccProjectUniqueName2 = Node.Client
		SccProjectName2 = Node.Client
		SccLocalPath2 = Node.Client
		SccProjectEnlistmentChoice2 = 2
		SccProjectUniqueName3 = Node.Core2\\Node.Core2.csproj
		SccProjectName3 = Node.Core2
		SccLocalPath3 = Node.Core2
		SccProjectUniqueName4 = Node.Core\\Node.Core.csproj
		SccProjectName4 = Node.Core
		SccLocalPath4 = Node.Core
		SccProjectUniqueName5 = Node.Lib\\Node.Lib.csproj
		SccProjectName5 = Node.Lib
		SccLocalPath5 = Node.Lib
		SccWebProject6 = true
		SccProjectUniqueName6 = Node.RESTful
		SccProjectName6 = Node.RESTful
		SccLocalPath6 = Node.RESTful
		SccProjectEnlistmentChoice6 = 2
		SccProjectUniqueName7 = Node.TaskHandler\\Node.TaskHandler.csproj
		SccProjectName7 = Node.TaskHandler
		SccLocalPath7 = Node.TaskHandler
		SccWebProject8 = true
		SccProjectUniqueName8 = Node.WebServices
		SccProjectName8 = Node.WebServices
		SccLocalPath8 = Node.WebServices
		SccProjectEnlistmentChoice8 = 2
	EndGlobalSection
	GlobalSection(SolutionConfigurationPlatforms) = preSolution
		Debug|.Net = Debug|.Net
		Debug|Any CPU = Debug|Any CPU
		Release|.Net = Release|.Net
		Release|Any CPU = Release|Any CPU
	EndGlobalSection
	GlobalSection(ProjectConfigurationPlatforms) = postSolution
		{58405FEB-FFFE-4D42-82BD-793CD034C529}.Debug|.Net.ActiveCfg = Debug|Any CPU
		{58405FEB-FFFE-4D42-82BD-793CD034C529}.Debug|.Net.Build.0 = Debug|Any CPU
		{58405FEB-FFFE-4D42-82BD-793CD034C529}.Debug|Any CPU.ActiveCfg = Debug|Any CPU
		{58405FEB-FFFE-4D42-82BD-793CD034C529}.Debug|Any CPU.Build.0 = Debug|Any CPU
		{58405FEB-FFFE-4D42-82BD-793CD034C529}.Release|.Net.ActiveCfg = Debug|Any CPU
		{58405FEB-FFFE-4D42-82BD-793CD034C529}.Release|.Net.Build.0 = Debug|Any CPU
		{58405FEB-FFFE-4D42-82BD-793CD034C529}.Release|Any CPU.ActiveCfg = Debug|Any CPU
		{58405FEB-FFFE-4D42-82BD-793CD034C529}.Release|Any CPU.Build.0 = Debug|Any CPU
		{CEA6D51D-B891-4E50-ACB0-D3529F8FF2BD}.Debug|.Net.ActiveCfg = Debug|Any CPU
		{CEA6D51D-B891-4E50-ACB0-D3529F8FF2BD}.Debug|.Net.Build.0 = Debug|Any CPU
		{CEA6D51D-B891-4E50-ACB0-D3529F8FF2BD}.Debug|Any CPU.ActiveCfg = Debug|Any CPU
		{CEA6D51D-B891-4E50-ACB0-D3529F8FF2BD}.Debug|Any CPU.Build.0 = Debug|Any CPU
		{CEA6D51D-B891-4E50-ACB0-D3529F8FF2BD}.Release|.Net.ActiveCfg = Release|Any CPU
		{CEA6D51D-B891-4E50-ACB0-D3529F8FF2BD}.Release|.Net.Build.0 = Release|Any CPU
		{CEA6D51D-B891-4E50-ACB0-D3529F8FF2BD}.Release|Any CPU.ActiveCfg = Release|Any CPU
		{CEA6D51D-B891-4E50-ACB0-D3529F8FF2BD}.Release|Any CPU.Build.0 = Release|Any CPU
		{AFE312DE-93E0-4840-8EC0-6CEB9F4A5C0C}.Debug|.Net.ActiveCfg = Debug|Any CPU
		{AFE312DE-93E0-4840-8EC0-6CEB9F4A5C0C}.Debug|.Net.Build.0 = Debug|Any CPU
		{AFE312DE-93E0-4840-8EC0-6CEB9F4A5C0C}.Debug|Any CPU.ActiveCfg = Debug|Any CPU
		{AFE312DE-93E0-4840-8EC0-6CEB9F4A5C0C}.Debug|Any CPU.Build.0 = Debug|Any CPU
		{AFE312DE-93E0-4840-8EC0-6CEB9F4A5C0C}.Release|.Net.ActiveCfg = Release|Any CPU
		{AFE312DE-93E0-4840-8EC0-6CEB9F4A5C0C}.Release|.Net.Build.0 = Release|Any CPU
		{AFE312DE-93E0-4840-8EC0-6CEB9F4A5C0C}.Release|Any CPU.ActiveCfg = Release|Any CPU
		{AFE312DE-93E0-4840-8EC0-6CEB9F4A5C0C}.Release|Any CPU.Build.0 = Release|Any CPU
		{78EA9EA5-4D8B-4D44-84F6-09845157046D}.Debug|.Net.ActiveCfg = Debug|Any CPU
		{78EA9EA5-4D8B-4D44-84F6-09845157046D}.Debug|.Net.Build.0 = Debug|Any CPU
		{78EA9EA5-4D8B-4D44-84F6-09845157046D}.Debug|Any CPU.ActiveCfg = Debug|Any CPU
		{78EA9EA5-4D8B-4D44-84F6-09845157046D}.Debug|Any CPU.Build.0 = Debug|Any CPU
		{78EA9EA5-4D8B-4D44-84F6-09845157046D}.Release|.Net.ActiveCfg = Debug|Any CPU
		{78EA9EA5-4D8B-4D44-84F6-09845157046D}.Release|.Net.Build.0 = Debug|Any CPU
		{78EA9EA5-4D8B-4D44-84F6-09845157046D}.Release|Any CPU.ActiveCfg = Debug|Any CPU
		{78EA9EA5-4D8B-4D44-84F6-09845157046D}.Release|Any CPU.Build.0 = Debug|Any CPU
		{517908F2-BD7E-4DE2-8138-729EB97F55F7}.Debug|.Net.ActiveCfg = Debug|Any CPU
		{517908F2-BD7E-4DE2-8138-729EB97F55F7}.Debug|.Net.Build.0 = Debug|Any CPU
		{517908F2-BD7E-4DE2-8138-729EB97F55F7}.Debug|Any CPU.ActiveCfg = Debug|Any CPU
		{517908F2-BD7E-4DE2-8138-729EB97F55F7}.Debug|Any CPU.Build.0 = Debug|Any CPU
		{517908F2-BD7E-4DE2-8138-729EB97F55F7}.Release|.Net.ActiveCfg = Debug|Any CPU
		{517908F2-BD7E-4DE2-8138-729EB97F55F7}.Release|.Net.Build.0 = Debug|Any CPU
		{517908F2-BD7E-4DE2-8138-729EB97F55F7}.Release|Any CPU.ActiveCfg = Debug|Any CPU
		{517908F2-BD7E-4DE2-8138-729EB97F55F7}.Release|Any CPU.Build.0 = Debug|Any CPU
		{82322ECB-7DDB-4945-A5C9-26A27568D05C}.Debug|.Net.ActiveCfg = Debug|Any CPU
		{82322ECB-7DDB-4945-A5C9-26A27568D05C}.Debug|.Net.Build.0 = Debug|Any CPU
		{82322ECB-7DDB-4945-A5C9-26A27568D05C}.Debug|Any CPU.ActiveCfg = Debug|Any CPU
		{82322ECB-7DDB-4945-A5C9-26A27568D05C}.Debug|Any CPU.Build.0 = Debug|Any CPU
		{82322ECB-7DDB-4945-A5C9-26A27568D05C}.Release|.Net.ActiveCfg = Release|Any CPU
		{82322ECB-7DDB-4945-A5C9-26A27568D05C}.Release|.Net.Build.0 = Release|Any CPU
		{82322ECB-7DDB-4945-A5C9-26A27568D05C}.Release|Any CPU.ActiveCfg = Release|Any CPU
		{82322ECB-7DDB-4945-A5C9-26A27568D05C}.Release|Any CPU.Build.0 = Release|Any CPU
		{584CEE9A-1A67-40A6-B1D3-719D4BECE891}.Debug|.Net.ActiveCfg = Debug|Any CPU
		{584CEE9A-1A67-40A6-B1D3-719D4BECE891}.Debug|.Net.Build.0 = Debug|Any CPU
		{584CEE9A-1A67-40A6-B1D3-719D4BECE891}.Debug|Any CPU.ActiveCfg = Debug|Any CPU
		{584CEE9A-1A67-40A6-B1D3-719D4BECE891}.Debug|Any CPU.Build.0 = Debug|Any CPU
		{584CEE9A-1A67-40A6-B1D3-719D4BECE891}.Release|.Net.ActiveCfg = Release|Any CPU
		{584CEE9A-1A67-40A6-B1D3-719D4BECE891}.Release|.Net.Build.0 = Release|Any CPU
		{584CEE9A-1A67-40A6-B1D3-719D4BECE891}.Release|Any CPU.ActiveCfg = Release|Any CPU
		{584CEE9A-1A67-40A6-B1D3-719D4BECE891}.Release|Any CPU.Build.0 = Release|Any CPU
		{217B8FF6-B878-4A75-B3A1-315D697026DB}.Debug|.Net.ActiveCfg = Debug|Any CPU
		{217B8FF6-B878-4A75-B3A1-315D697026DB}.Debug|Any CPU.ActiveCfg = Debug|Any CPU
		{217B8FF6-B878-4A75-B3A1-315D697026DB}.Debug|Any CPU.Build.0 = Debug|Any CPU
		{217B8FF6-B878-4A75-B3A1-315D697026DB}.Release|.Net.ActiveCfg = Debug|Any CPU
		{217B8FF6-B878-4A75-B3A1-315D697026DB}.Release|Any CPU.ActiveCfg = Debug|Any CPU
		{217B8FF6-B878-4A75-B3A1-315D697026DB}.Release|Any CPU.Build.0 = Debug|Any CPU
	EndGlobalSection
	GlobalSection(SolutionProperties) = preSolution
		HideSolutionNode = FALSE
	EndGlobalSection
EndGlobal
